
Microsoft Visual Studio Solution File, Format Version 12.00
# Visual Studio Version 17
VisualStudioVersion = 17.0.31606.5
MinimumVisualStudioVersion = 10.0.40219.1
Project("{2150E333-8FDC-42A3-9474-1A3956D46DE8}") = "doc", "doc", "{75C25D0B-8529-4E3F-AF43-6EC1E9E40828}"
	ProjectSection(SolutionItems) = preProject
		doc\Count.md = doc\Count.md
		README.md = README.md
		doc\ReleaseLog.md = doc\ReleaseLog.md
		doc\TODO.md = doc\TODO.md
	EndProjectSection
EndProject
Project("{2150E333-8FDC-42A3-9474-1A3956D46DE8}") = "test", "test", "{7904FE51-04FF-4477-8E3A-CC340389EE32}"
EndProject
Project("{9A19103F-16F7-4668-BE54-9A1E7A4F7556}") = "Vitorm", "src\Vitorm\Vitorm.csproj", "{FA62D5F8-F6C1-4677-B115-DC32CF9EFC50}"
EndProject
Project("{2150E333-8FDC-42A3-9474-1A3956D46DE8}") = "src", "src", "{05176905-A2A5-4015-9F04-2904506C902F}"
EndProject
Project("{9A19103F-16F7-4668-BE54-9A1E7A4F7556}") = "Vitorm.MySql", "src\Vitorm.MySql\Vitorm.MySql.csproj", "{6ED8DCE2-FAE1-4EC3-9C2A-74F8ACCAF3CB}"
EndProject
Project("{9A19103F-16F7-4668-BE54-9A1E7A4F7556}") = "Vitorm.Sqlite", "src\Vitorm.Sqlite\Vitorm.Sqlite.csproj", "{0E70816E-4E8B-4A6D-B1BA-440A7C50D91D}"
EndProject
Project("{9A19103F-16F7-4668-BE54-9A1E7A4F7556}") = "Vitorm.SqlServer", "src\Vitorm.SqlServer\Vitorm.SqlServer.csproj", "{39137BC4-2069-4061-8822-884F4E4C1418}"
EndProject
Project("{9A19103F-16F7-4668-BE54-9A1E7A4F7556}") = "Vitorm.MySql.MsTest", "test\Vitorm.MySql.MsTest\Vitorm.MySql.MsTest.csproj", "{8DD2F4AD-F533-408D-A527-9737D675A5F0}"
EndProject
Project("{9A19103F-16F7-4668-BE54-9A1E7A4F7556}") = "Vitorm.Sqlite.MsTest", "test\Vitorm.Sqlite.MsTest\Vitorm.Sqlite.MsTest.csproj", "{B036D75F-AF60-4329-ABBB-252BF47F9435}"
EndProject
Project("{9A19103F-16F7-4668-BE54-9A1E7A4F7556}") = "Vitorm.SqlServer.MsTest", "test\Vitorm.SqlServer.MsTest\Vitorm.SqlServer.MsTest.csproj", "{31CE5879-959E-4882-8FBC-0D763FD73A0C}"
EndProject
Project("{9A19103F-16F7-4668-BE54-9A1E7A4F7556}") = "Vitorm.Data", "src\Vitorm.Data\Vitorm.Data.csproj", "{333BD5FC-1DFD-4F3C-8062-99573057C89F}"
EndProject
Project("{9A19103F-16F7-4668-BE54-9A1E7A4F7556}") = "Vitorm.Data.MsTest", "test\Vitorm.Data.MsTest\Vitorm.Data.MsTest.csproj", "{BF06299A-78A1-44C9-BCE6-4226BA326739}"
EndProject
Project("{9A19103F-16F7-4668-BE54-9A1E7A4F7556}") = "Vitorm.Data.Console", "test\Vitorm.Data.Console\Vitorm.Data.Console.csproj", "{DACD0587-AF7F-4ACC-9E67-1E8196C66DAF}"
EndProject
Project("{9A19103F-16F7-4668-BE54-9A1E7A4F7556}") = "Vitorm.Sqlite.Console", "test\Vitorm.Sqlite.Console\Vitorm.Sqlite.Console.csproj", "{FDE612FB-A590-4937-93E8-314C9DF9F39E}"
EndProject
Project("{9A19103F-16F7-4668-BE54-9A1E7A4F7556}") = "Vitorm.Data.Benchmark", "test\Vitorm.Data.Benchmark\Vitorm.Data.Benchmark.csproj", "{02AE1368-8B79-4CE2-8518-13A7B91D345B}"
EndProject
Global
	GlobalSection(SolutionConfigurationPlatforms) = preSolution
		Debug|Any CPU = Debug|Any CPU
		Release|Any CPU = Release|Any CPU
	EndGlobalSection
	GlobalSection(ProjectConfigurationPlatforms) = postSolution
		{FA62D5F8-F6C1-4677-B115-DC32CF9EFC50}.Debug|Any CPU.ActiveCfg = Debug|Any CPU
		{FA62D5F8-F6C1-4677-B115-DC32CF9EFC50}.Debug|Any CPU.Build.0 = Debug|Any CPU
		{FA62D5F8-F6C1-4677-B115-DC32CF9EFC50}.Release|Any CPU.ActiveCfg = Release|Any CPU
		{FA62D5F8-F6C1-4677-B115-DC32CF9EFC50}.Release|Any CPU.Build.0 = Release|Any CPU
		{6ED8DCE2-FAE1-4EC3-9C2A-74F8ACCAF3CB}.Debug|Any CPU.ActiveCfg = Debug|Any CPU
		{6ED8DCE2-FAE1-4EC3-9C2A-74F8ACCAF3CB}.Debug|Any CPU.Build.0 = Debug|Any CPU
		{6ED8DCE2-FAE1-4EC3-9C2A-74F8ACCAF3CB}.Release|Any CPU.ActiveCfg = Release|Any CPU
		{6ED8DCE2-FAE1-4EC3-9C2A-74F8ACCAF3CB}.Release|Any CPU.Build.0 = Release|Any CPU
		{0E70816E-4E8B-4A6D-B1BA-440A7C50D91D}.Debug|Any CPU.ActiveCfg = Debug|Any CPU
		{0E70816E-4E8B-4A6D-B1BA-440A7C50D91D}.Debug|Any CPU.Build.0 = Debug|Any CPU
		{0E70816E-4E8B-4A6D-B1BA-440A7C50D91D}.Release|Any CPU.ActiveCfg = Release|Any CPU
		{0E70816E-4E8B-4A6D-B1BA-440A7C50D91D}.Release|Any CPU.Build.0 = Release|Any CPU
		{39137BC4-2069-4061-8822-884F4E4C1418}.Debug|Any CPU.ActiveCfg = Debug|Any CPU
		{39137BC4-2069-4061-8822-884F4E4C1418}.Debug|Any CPU.Build.0 = Debug|Any CPU
		{39137BC4-2069-4061-8822-884F4E4C1418}.Release|Any CPU.ActiveCfg = Release|Any CPU
		{39137BC4-2069-4061-8822-884F4E4C1418}.Release|Any CPU.Build.0 = Release|Any CPU
		{8DD2F4AD-F533-408D-A527-9737D675A5F0}.Debug|Any CPU.ActiveCfg = Debug|Any CPU
		{8DD2F4AD-F533-408D-A527-9737D675A5F0}.Debug|Any CPU.Build.0 = Debug|Any CPU
		{8DD2F4AD-F533-408D-A527-9737D675A5F0}.Release|Any CPU.ActiveCfg = Release|Any CPU
		{8DD2F4AD-F533-408D-A527-9737D675A5F0}.Release|Any CPU.Build.0 = Release|Any CPU
		{B036D75F-AF60-4329-ABBB-252BF47F9435}.Debug|Any CPU.ActiveCfg = Debug|Any CPU
		{B036D75F-AF60-4329-ABBB-252BF47F9435}.Debug|Any CPU.Build.0 = Debug|Any CPU
		{B036D75F-AF60-4329-ABBB-252BF47F9435}.Release|Any CPU.ActiveCfg = Release|Any CPU
		{B036D75F-AF60-4329-ABBB-252BF47F9435}.Release|Any CPU.Build.0 = Release|Any CPU
		{31CE5879-959E-4882-8FBC-0D763FD73A0C}.Debug|Any CPU.ActiveCfg = Debug|Any CPU
		{31CE5879-959E-4882-8FBC-0D763FD73A0C}.Debug|Any CPU.Build.0 = Debug|Any CPU
		{31CE5879-959E-4882-8FBC-0D763FD73A0C}.Release|Any CPU.ActiveCfg = Release|Any CPU
		{31CE5879-959E-4882-8FBC-0D763FD73A0C}.Release|Any CPU.Build.0 = Release|Any CPU
		{333BD5FC-1DFD-4F3C-8062-99573057C89F}.Debug|Any CPU.ActiveCfg = Debug|Any CPU
		{333BD5FC-1DFD-4F3C-8062-99573057C89F}.Debug|Any CPU.Build.0 = Debug|Any CPU
		{333BD5FC-1DFD-4F3C-8062-99573057C89F}.Release|Any CPU.ActiveCfg = Release|Any CPU
		{333BD5FC-1DFD-4F3C-8062-99573057C89F}.Release|Any CPU.Build.0 = Release|Any CPU
		{BF06299A-78A1-44C9-BCE6-4226BA326739}.Debug|Any CPU.ActiveCfg = Debug|Any CPU
		{BF06299A-78A1-44C9-BCE6-4226BA326739}.Debug|Any CPU.Build.0 = Debug|Any CPU
		{BF06299A-78A1-44C9-BCE6-4226BA326739}.Release|Any CPU.ActiveCfg = Release|Any CPU
		{BF06299A-78A1-44C9-BCE6-4226BA326739}.Release|Any CPU.Build.0 = Release|Any CPU
		{DACD0587-AF7F-4ACC-9E67-1E8196C66DAF}.Debug|Any CPU.ActiveCfg = Debug|Any CPU
		{DACD0587-AF7F-4ACC-9E67-1E8196C66DAF}.Debug|Any CPU.Build.0 = Debug|Any CPU
		{DACD0587-AF7F-4ACC-9E67-1E8196C66DAF}.Release|Any CPU.ActiveCfg = Release|Any CPU
		{DACD0587-AF7F-4ACC-9E67-1E8196C66DAF}.Release|Any CPU.Build.0 = Release|Any CPU
		{FDE612FB-A590-4937-93E8-314C9DF9F39E}.Debug|Any CPU.ActiveCfg = Debug|Any CPU
		{FDE612FB-A590-4937-93E8-314C9DF9F39E}.Debug|Any CPU.Build.0 = Debug|Any CPU
		{FDE612FB-A590-4937-93E8-314C9DF9F39E}.Release|Any CPU.ActiveCfg = Release|Any CPU
		{FDE612FB-A590-4937-93E8-314C9DF9F39E}.Release|Any CPU.Build.0 = Release|Any CPU
		{02AE1368-8B79-4CE2-8518-13A7B91D345B}.Debug|Any CPU.ActiveCfg = Debug|Any CPU
		{02AE1368-8B79-4CE2-8518-13A7B91D345B}.Debug|Any CPU.Build.0 = Debug|Any CPU
		{02AE1368-8B79-4CE2-8518-13A7B91D345B}.Release|Any CPU.ActiveCfg = Release|Any CPU
		{02AE1368-8B79-4CE2-8518-13A7B91D345B}.Release|Any CPU.Build.0 = Release|Any CPU
	EndGlobalSection
	GlobalSection(SolutionProperties) = preSolution
		HideSolutionNode = FALSE
	EndGlobalSection
	GlobalSection(NestedProjects) = preSolution
		{FA62D5F8-F6C1-4677-B115-DC32CF9EFC50} = {05176905-A2A5-4015-9F04-2904506C902F}
		{6ED8DCE2-FAE1-4EC3-9C2A-74F8ACCAF3CB} = {05176905-A2A5-4015-9F04-2904506C902F}
		{0E70816E-4E8B-4A6D-B1BA-440A7C50D91D} = {05176905-A2A5-4015-9F04-2904506C902F}
		{39137BC4-2069-4061-8822-884F4E4C1418} = {05176905-A2A5-4015-9F04-2904506C902F}
		{8DD2F4AD-F533-408D-A527-9737D675A5F0} = {7904FE51-04FF-4477-8E3A-CC340389EE32}
		{B036D75F-AF60-4329-ABBB-252BF47F9435} = {7904FE51-04FF-4477-8E3A-CC340389EE32}
		{31CE5879-959E-4882-8FBC-0D763FD73A0C} = {7904FE51-04FF-4477-8E3A-CC340389EE32}
		{333BD5FC-1DFD-4F3C-8062-99573057C89F} = {05176905-A2A5-4015-9F04-2904506C902F}
		{BF06299A-78A1-44C9-BCE6-4226BA326739} = {7904FE51-04FF-4477-8E3A-CC340389EE32}
		{DACD0587-AF7F-4ACC-9E67-1E8196C66DAF} = {7904FE51-04FF-4477-8E3A-CC340389EE32}
		{FDE612FB-A590-4937-93E8-314C9DF9F39E} = {7904FE51-04FF-4477-8E3A-CC340389EE32}
		{02AE1368-8B79-4CE2-8518-13A7B91D345B} = {7904FE51-04FF-4477-8E3A-CC340389EE32}
	EndGlobalSection
	GlobalSection(ExtensibilityGlobals) = postSolution
		SolutionGuid = {C7DA16E3-9949-49FA-B0B4-F830636DE60F}
	EndGlobalSection
EndGlobal
